PODS:
  - BAAlertController (1.0.0)
  - CHBaseUtil (0.0.5)
  - DateTools (2.0.0)
  - MagicalRecord (2.3.2):
    - MagicalRecord/Core (= 2.3.2)
  - MagicalRecord/Core (2.3.2)

DEPENDENCIES:
  - BAAlertController
  - CHBaseUtil (~> 0.0.5)
  - DateTools
  - MagicalRecord (~> 2.3.2)

SPEC CHECKSUMS:
  BAAlertController: 21cfcc339de1d27e0f907ae35c8b74614f68875c
  CHBaseUtil: 915475d8cee4614be5582f11b32501071eef1a28
  DateTools: 933ac9c490f21f92127cf690ccd8c397e0126caf
  MagicalRecord: 53bed74b4323b930992a725be713e53b37d19755

PODFILE CHECKSUM: 5b6a784240da76bbed3289e65e5be15206434049

COCOAPODS: 1.2.1
